// !$*UTF8*$!
{
	archiveVersion = 1;
	classes = {
	};
	objectVersion = 50;
	objects = {

/* Begin PBXBuildFile section */
		63FBEE862091C4C300BE6B81 /* AppDelegate.swift in Sources */ = {isa = PBXBuildFile; fileRef = 63FBEE852091C4C300BE6B81 /* AppDelegate.swift */; };
		63FBEE882091C4C400BE6B81 /* ViewController.swift in Sources */ = {isa = PBXBuildFile; fileRef = 63FBEE872091C4C400BE6B81 /* ViewController.swift */; };
		63FBEE8B2091C4C400BE6B81 /* Main.storyboard in Resources */ = {isa = PBXBuildFile; fileRef = 63FBEE892091C4C400BE6B81 /* Main.storyboard */; };
		63FBEE8E2091C4C400BE6B81 /* tesss.xcdatamodeld in Sources */ = {isa = PBXBuildFile; fileRef = 63FBEE8C2091C4C400BE6B81 /* tesss.xcdatamodeld */; };
		63FBEE902091C4C600BE6B81 /* Assets.xcassets in Resources */ = {isa = PBXBuildFile; fileRef = 63FBEE8F2091C4C600BE6B81 /* Assets.xcassets */; };
		63FBEE932091C4C600BE6B81 /* LaunchScreen.storyboard in Resources */ = {isa = PBXBuildFile; fileRef = 63FBEE912091C4C600BE6B81 /* LaunchScreen.storyboard */; };
		63FBEE9E2091C4C600BE6B81 /* tesssTests.swift in Sources */ = {isa = PBXBuildFile; fileRef = 63FBEE9D2091C4C600BE6B81 /* tesssTests.swift */; };
		63FBEEA92091C4C600BE6B81 /* tesssUITests.swift in Sources */ = {isa = PBXBuildFile; fileRef = 63FBEEA82091C4C600BE6B81 /* tesssUITests.swift */; };
/* End PBXBuildFile section */

/* Begin PBXContainerItemProxy section */
		63FBEE9A2091C4C600BE6B81 /* PBXContainerItemProxy */ = {
			isa = PBXContainerItemProxy;
			containerPortal = 63FBEE7A2091C4C300BE6B81 /* Project object */;
			proxyType = 1;
			remoteGlobalIDString = 63FBEE812091C4C300BE6B81;
			remoteInfo = tesss;
		};
		63FBEEA52091C4C600BE6B81 /* PBXContainerItemProxy */ = {
			isa = PBXContainerItemProxy;
			containerPortal = 63FBEE7A2091C4C300BE6B81 /* Project object */;
			proxyType = 1;
			remoteGlobalIDString = 63FBEE812091C4C300BE6B81;
			remoteInfo = tesss;
		};
/* End PBXContainerItemProxy section */

/* Begin PBXFileReference section */
		63FBEE822091C4C300BE6B81 /* tesss.app */ = {isa = PBXFileReference; explicitFileType = wrapper.application; includeInIndex = 0; path = tesss.app; sourceTree = BUILT_PRODUCTS_DIR; };
		63FBEE852091C4C300BE6B81 /* AppDelegate.swift */ = {isa = PBXFileReference; lastKnownFileType = sourcecode.swift; path = AppDelegate.swift; sourceTree = "<group>"; };
		63FBEE872091C4C400BE6B81 /* ViewController.swift */ = {isa = PBXFileReference; lastKnownFileType = sourcecode.swift; path = ViewController.swift; sourceTree = "<group>"; };
		63FBEE8A2091C4C400BE6B81 /* Base */ = {isa = PBXFileReference; lastKnownFileType = file.storyboard; name = Base; path = Base.lproj/Main.storyboard; sourceTree = "<group>"; };
		63FBEE8D2091C4C400BE6B81 /* tesss.xcdatamodel */ = {isa = PBXFileReference; lastKnownFileType = wrapper.xcdatamodel; path = tesss.xcdatamodel; sourceTree = "<group>"; };
		63FBEE8F2091C4C600BE6B81 /* Assets.xcassets */ = {isa = PBXFileReference; lastKnownFileType = folder.assetcatalog; path = Assets.xcassets; sourceTree = "<group>"; };
		63FBEE922091C4C600BE6B81 /* Base */ = {isa = PBXFileReference; lastKnownFileType = file.storyboard; name = Base; path = Base.lproj/LaunchScreen.storyboard; sourceTree = "<group>"; };
		63FBEE942091C4C600BE6B81 /* Info.plist */ = {isa = PBXFileReference; lastKnownFileType = text.plist.xml; path = Info.plist; sourceTree = "<group>"; };
		63FBEE992091C4C600BE6B81 /* tesssTests.xctest */ = {isa = PBXFileReference; explicitFileType = wrapper.cfbundle; includeInIndex = 0; path = tesssTests.xctest; sourceTree = BUILT_PRODUCTS_DIR; };
		63FBEE9D2091C4C600BE6B81 /* tesssTests.swift */ = {isa = PBXFileReference; lastKnownFileType = sourcecode.swift; path = tesssTests.swift; sourceTree = "<group>"; };
		63FBEE9F2091C4C600BE6B81 /* Info.plist */ = {isa = PBXFileReference; lastKnownFileType = text.plist.xml; path = Info.plist; sourceTree = "<group>"; };
		63FBEEA42091C4C600BE6B81 /* tesssUITests.xctest */ = {isa = PBXFileReference; explicitFileType = wrapper.cfbundle; includeInIndex = 0; path = tesssUITests.xctest; sourceTree = BUILT_PRODUCTS_DIR; };
		63FBEEA82091C4C600BE6B81 /* tesssUITests.swift */ = {isa = PBXFileReference; lastKnownFileType = sourcecode.swift; path = tesssUITests.swift; sourceTree = "<group>"; };
		63FBEEAA2091C4C600BE6B81 /* Info.plist */ = {isa = PBXFileReference; lastKnownFileType = text.plist.xml; path = Info.plist; sourceTree = "<group>"; };
/* End PBXFileReference section */

/* Begin PBXFrameworksBuildPhase section */
		63FBEE7F2091C4C300BE6B81 /* Frameworks */ = {
			isa = PBXFrameworksBuildPhase;
			buildActionMask = 2147483647;
			files = (
			);
			runOnlyForDeploymentPostprocessing = 0;
		};
		63FBEE962091C4C600BE6B81 /* Frameworks */ = {
			isa = PBXFrameworksBuildPhase;
			buildActionMask = 2147483647;
			files = (
			);
			runOnlyForDeploymentPostprocessing = 0;
		};
		63FBEEA12091C4C600BE6B81 /* Frameworks */ = {
			isa = PBXFrameworksBuildPhase;
			buildActionMask = 2147483647;
			files = (
			);
			runOnlyForDeploymentPostprocessing = 0;
		};
/* End PBXFrameworksBuildPhase section */

/* Begin PBXGroup section */
		63FBEE792091C4C300BE6B81 = {
			isa = PBXGroup;
			children = (
				63FBEE842091C4C300BE6B81 /* tesss */,
				63FBEE9C2091C4C600BE6B81 /* tesssTests */,
				63FBEEA72091C4C600BE6B81 /* tesssUITests */,
				63FBEE832091C4C300BE6B81 /* Products */,
			);
			sourceTree = "<group>";
		};
		63FBEE832091C4C300BE6B81 /* Products */ = {
			isa = PBXGroup;
			children = (
				63FBEE822091C4C300BE6B81 /* tesss.app */,
				63FBEE992091C4C600BE6B81 /* tesssTests.xctest */,
				63FBEEA42091C4C600BE6B81 /* tesssUITests.xctest */,
			);
			name = Products;
			sourceTree = "<group>";
		};
		63FBEE842091C4C300BE6B81 /* tesss */ = {
			isa = PBXGroup;
			children = (
				63FBEE852091C4C300BE6B81 /* AppDelegate.swift */,
				63FBEE872091C4C400BE6B81 /* ViewController.swift */,
				63FBEE892091C4C400BE6B81 /* Main.storyboard */,
				63FBEE8F2091C4C600BE6B81 /* Assets.xcassets */,
				63FBEE912091C4C600BE6B81 /* LaunchScreen.storyboard */,
				63FBEE942091C4C600BE6B81 /* Info.plist */,
				63FBEE8C2091C4C400BE6B81 /* tesss.xcdatamodeld */,
			);
			path = tesss;
			sourceTree = "<group>";
		};
		63FBEE9C2091C4C600BE6B81 /* tesssTests */ = {
			isa = PBXGroup;
			children = (
				63FBEE9D2091C4C600BE6B81 /* tesssTests.swift */,
				63FBEE9F2091C4C600BE6B81 /* Info.plist */,
			);
			path = tesssTests;
			sourceTree = "<group>";
		};
		63FBEEA72091C4C600BE6B81 /* tesssUITests */ = {
			isa = PBXGroup;
			children = (
				63FBEEA82091C4C600BE6B81 /* tesssUITests.swift */,
				63FBEEAA2091C4C600BE6B81 /* Info.plist */,
			);
			path = tesssUITests;
			sourceTree = "<group>";
		};
/* End PBXGroup section */

/* Begin PBXNativeTarget section */
		63FBEE812091C4C300BE6B81 /* tesss */ = {
			isa = PBXNativeTarget;
			buildConfigurationList = 63FBEEAD2091C4C600BE6B81 /* Build configuration list for PBXNativeTarget "tesss" */;
			buildPhases = (
				63FBEE7E2091C4C300BE6B81 /* Sources */,
				63FBEE7F2091C4C300BE6B81 /* Frameworks */,
				63FBEE802091C4C300BE6B81 /* Resources */,
			);
			buildRules = (
			);
			dependencies = (
			);
			name = tesss;
			productName = tesss;
			productReference = 63FBEE822091C4C300BE6B81 /* tesss.app */;
			productType = "com.apple.product-type.application";
		};
		63FBEE982091C4C600BE6B81 /* tesssTests */ = {
			isa = PBXNativeTarget;
			buildConfigurationList = 63FBEEB02091C4C600BE6B81 /* Build configuration list for PBXNativeTarget "tesssTests" */;
			buildPhases = (
				63FBEE952091C4C600BE6B81 /* Sources */,
				63FBEE962091C4C600BE6B81 /* Frameworks */,
				63FBEE972091C4C600BE6B81 /* Resources */,
			);
			buildRules = (
			);
			dependencies = (
				63FBEE9B2091C4C600BE6B81 /* PBXTargetDependency */,
			);
			name = tesssTests;
			productName = tesssTests;
			productReference = 63FBEE992091C4C600BE6B81 /* tesssTests.xctest */;
			productType = "com.apple.product-type.bundle.unit-test";
		};
		63FBEEA32091C4C600BE6B81 /* tesssUITests */ = {
			isa = PBXNativeTarget;
			buildConfigurationList = 63FBEEB32091C4C600BE6B81 /* Build configuration list for PBXNativeTarget "tesssUITests" */;
			buildPhases = (
				63FBEEA02091C4C600BE6B81 /* Sources */,
				63FBEEA12091C4C600BE6B81 /* Frameworks */,
				63FBEEA22091C4C600BE6B81 /* Resources */,
			);
			buildRules = (
			);
			dependencies = (
				63FBEEA62091C4C600BE6B81 /* PBXTargetDependency */,
			);
			name = tesssUITests;
			productName = tesssUITests;
			productReference = 63FBEEA42091C4C600BE6B81 /* tesssUITests.xctest */;
			productType = "com.apple.product-type.bundle.ui-testing";
		};
/* End PBXNativeTarget section */

/* Begin PBXProject section */
		63FBEE7A2091C4C300BE6B81 /* Project object */ = {
			isa = PBXProject;
			attributes = {
				LastSwiftUpdateCheck = 0930;
				LastUpgradeCheck = 0930;
				ORGANIZATIONNAME = zldd;
				TargetAttributes = {
					63FBEE812091C4C300BE6B81 = {
						CreatedOnToolsVersion = 9.3;
					};
					63FBEE982091C4C600BE6B81 = {
						CreatedOnToolsVersion = 9.3;
						TestTargetID = 63FBEE812091C4C300BE6B81;
					};
					63FBEEA32091C4C600BE6B81 = {
						CreatedOnToolsVersion = 9.3;
						TestTargetID = 63FBEE812091C4C300BE6B81;
					};
				};
			};
			buildConfigurationList = 63FBEE7D2091C4C300BE6B81 /* Build configuration list for PBXProject "tesss" */;
			compatibilityVersion = "Xcode 9.3";
			developmentRegion = en;
			hasScannedForEncodings = 0;
			knownRegions = (
				en,
				Base,
			);
			mainGroup = 63FBEE792091C4C300BE6B81;
			productRefGroup = 63FBEE832091C4C300BE6B81 /* Products */;
			projectDirPath = "";
			projectRoot = "";
			targets = (
				63FBEE812091C4C300BE6B81 /* tesss */,
				63FBEE982091C4C600BE6B81 /* tesssTests */,
				63FBEEA32091C4C600BE6B81 /* tesssUITests */,
			);
		};
/* End PBXProject section */

/* Begin PBXResourcesBuildPhase section */
		63FBEE802091C4C300BE6B81 /* Resources */ = {
			isa = PBXResourcesBuildPhase;
			buildActionMask = 2147483647;
			files = (
				63FBEE932091C4C600BE6B81 /* LaunchScreen.storyboard in Resources */,
				63FBEE902091C4C600BE6B81 /* Assets.xcassets in Resources */,
				63FBEE8B2091C4C400BE6B81 /* Main.storyboard in Resources */,
			);
			runOnlyForDeploymentPostprocessing = 0;
		};
		63FBEE972091C4C600BE6B81 /* Resources */ = {
			isa = PBXResourcesBuildPhase;
			buildActionMask = 2147483647;
			files = (
			);
			runOnlyForDeploymentPostprocessing = 0;
		};
		63FBEEA22091C4C600BE6B81 /* Resources */ = {
			isa = PBXResourcesBuildPhase;
			buildActionMask = 2147483647;
			files = (
			);
			runOnlyForDeploymentPostprocessing = 0;
		};
/* End PBXResourcesBuildPhase section */

/* Begin PBXSourcesBuildPhase section */
		63FBEE7E2091C4C300BE6B81 /* Sources */ = {
			isa = PBXSourcesBuildPhase;
			buildActionMask = 2147483647;
			files = (
				63FBEE8E2091C4C400BE6B81 /* tesss.xcdatamodeld in Sources */,
				63FBEE882091C4C400BE6B81 /* ViewController.swift in Sources */,
				63FBEE862091C4C300BE6B81 /* AppDelegate.swift in Sources */,
			);
			runOnlyForDeploymentPostprocessing = 0;
		};
		63FBEE952091C4C600BE6B81 /* Sources */ = {
			isa = PBXSourcesBuildPhase;
			buildActionMask = 2147483647;
			files = (
				63FBEE9E2091C4C600BE6B81 /* tesssTests.swift in Sources */,
			);
			runOnlyForDeploymentPostprocessing = 0;
		};
		63FBEEA02091C4C600BE6B81 /* Sources */ = {
			isa = PBXSourcesBuildPhase;
			buildActionMask = 2147483647;
			files = (
				63FBEEA92091C4C600BE6B81 /* tesssUITests.swift in Sources */,
			);
			runOnlyForDeploymentPostprocessing = 0;
		};
/* End PBXSourcesBuildPhase section */

/* Begin PBXTargetDependency section */
		63FBEE9B2091C4C600BE6B81 /* PBXTargetDependency */ = {
			isa = PBXTargetDependency;
			target = 63FBEE812091C4C300BE6B81 /* tesss */;
			targetProxy = 63FBEE9A2091C4C600BE6B81 /* PBXContainerItemProxy */;
		};
		63FBEEA62091C4C600BE6B81 /* PBXTargetDependency */ = {
			isa = PBXTargetDependency;
			target = 63FBEE812091C4C300BE6B81 /* tesss */;
			targetProxy = 63FBEEA52091C4C600BE6B81 /* PBXContainerItemProxy */;
		};
/* End PBXTargetDependency section */

/* Begin PBXVariantGroup section */
		63FBEE892091C4C400BE6B81 /* Main.storyboard */ = {
			isa = PBXVariantGroup;
			children = (
				63FBEE8A2091C4C400BE6B81 /* Base */,
			);
			name = Main.storyboard;
			sourceTree = "<group>";
		};
		63FBEE912091C4C600BE6B81 /* LaunchScreen.storyboard */ = {
			isa = PBXVariantGroup;
			children = (
				63FBEE922091C4C600BE6B81 /* Base */,
			);
			name = LaunchScreen.storyboard;
			sourceTree = "<group>";
		};
/* End PBXVariantGroup section */

/* Begin XCBuildConfiguration section */
		63FBEEAB2091C4C600BE6B81 /* Debug */ = {
			isa = XCBuildConfiguration;
			buildSettings = {
				ALWAYS_SEARCH_USER_PATHS = NO;
				CLANG_ANALYZER_NONNULL = YES;
				CLANG_ANALYZER_NUMBER_OBJECT_CONVERSION = YES_AGGRESSIVE;
				CLANG_CXX_LANGUAGE_STANDARD = "gnu++14";
				CLANG_CXX_LIBRARY = "libc++";
				CLANG_ENABLE_MODULES = YES;
				CLANG_ENABLE_OBJC_ARC = YES;
				CLANG_ENABLE_OBJC_WEAK = YES;
				CLANG_WARN_BLOCK_CAPTURE_AUTORELEASING = YES;
				CLANG_WARN_BOOL_CONVERSION = YES;
				CLANG_WARN_COMMA = YES;
				CLANG_WARN_CONSTANT_CONVERSION = YES;
				CLANG_WARN_DEPRECATED_OBJC_IMPLEMENTATIONS = YES;
				CLANG_WARN_DIRECT_OBJC_ISA_USAGE = YES_ERROR;
				CLANG_WARN_DOCUMENTATION_COMMENTS = YES;
				CLANG_WARN_EMPTY_BODY = YES;
				CLANG_WARN_ENUM_CONVERSION = YES;
				CLANG_WARN_INFINITE_RECURSION = YES;
				CLANG_WARN_INT_CONVERSION = YES;
				CLANG_WARN_NON_LITERAL_NULL_CONVERSION = YES;
				CLANG_WARN_OBJC_IMPLICIT_RETAIN_SELF = YES;
				CLANG_WARN_OBJC_LITERAL_CONVERSION = YES;
				CLANG_WARN_OBJC_ROOT_CLASS = YES_ERROR;
				CLANG_WARN_RANGE_LOOP_ANALYSIS = YES;
				CLANG_WARN_STRICT_PROTOTYPES = YES;
				CLANG_WARN_SUSPICIOUS_MOVE = YES;
				CLANG_WARN_UNGUARDED_AVAILABILITY = YES_AGGRESSIVE;
				CLANG_WARN_UNREACHABLE_CODE = YES;
				CLANG_WARN__DUPLICATE_METHOD_MATCH = YES;
				CODE_SIGN_IDENTITY = "iPhone Developer";
				COPY_PHASE_STRIP = NO;
				DEBUG_INFORMATION_FORMAT = dwarf;
				ENABLE_STRICT_OBJC_MSGSEND = YES;
				ENABLE_TESTABILITY = YES;
				GCC_C_LANGUAGE_STANDARD = gnu11;
				GCC_DYNAMIC_NO_PIC = NO;
				GCC_NO_COMMON_BLOCKS = YES;
				GCC_OPTIMIZATION_LEVEL = 0;
				GCC_PREPROCESSOR_DEFINITIONS = (
					"DEBUG=1",
					"$(inherited)",
				);
				GCC_WARN_64_TO_32_BIT_CONVERSION = YES;
				GCC_WARN_ABOUT_RETURN_TYPE = YES_ERROR;
				GCC_WARN_UNDECLARED_SELECTOR = YES;
				GCC_WARN_UNINITIALIZED_AUTOS = YES_AGGRESSIVE;
				GCC_WARN_UNUSED_FUNCTION = YES;
				GCC_WARN_UNUSED_VARIABLE = YES;
				IPHONEOS_DEPLOYMENT_TARGET = 11.3;
				MTL_ENABLE_DEBUG_INFO = YES;
				ONLY_ACTIVE_ARCH = YES;
				SDKROOT = iphoneos;
				SWIFT_ACTIVE_COMPILATION_CONDITIONS = DEBUG;
				SWIFT_OPTIMIZATION_LEVEL = "-Onone";
			};
			name = Debug;
		};
		63FBEEAC2091C4C600BE6B81 /* Release */ = {
			isa = XCBuildConfiguration;
			buildSettings = {
				ALWAYS_SEARCH_USER_PATHS = NO;
				CLANG_ANALYZER_NONNULL = YES;
				CLANG_ANALYZER_NUMBER_OBJECT_CONVERSION = YES_AGGRESSIVE;
				CLANG_CXX_LANGUAGE_STANDARD = "gnu++14";
				CLANG_CXX_LIBRARY = "libc++";
				CLANG_ENABLE_MODULES = YES;
				CLANG_ENABLE_OBJC_ARC = YES;
				CLANG_ENABLE_OBJC_WEAK = YES;
				CLANG_WARN_BLOCK_CAPTURE_AUTORELEASING = YES;
				CLANG_WARN_BOOL_CONVERSION = YES;
				CLANG_WARN_COMMA = YES;
				CLANG_WARN_CONSTANT_CONVERSION = YES;
				CLANG_WARN_DEPRECATED_OBJC_IMPLEMENTATIONS = YES;
				CLANG_WARN_DIRECT_OBJC_ISA_USAGE = YES_ERROR;
				CLANG_WARN_DOCUMENTATION_COMMENTS = YES;
				CLANG_WARN_EMPTY_BODY = YES;
				CLANG_WARN_ENUM_CONVERSION = YES;
				CLANG_WARN_INFINITE_RECURSION = YES;
				CLANG_WARN_INT_CONVERSION = YES;
				CLANG_WARN_NON_LITERAL_NULL_CONVERSION = YES;
				CLANG_WARN_OBJC_IMPLICIT_RETAIN_SELF = YES;
				CLANG_WARN_OBJC_LITERAL_CONVERSION = YES;
				CLANG_WARN_OBJC_ROOT_CLASS = YES_ERROR;
				CLANG_WARN_RANGE_LOOP_ANALYSIS = YES;
				CLANG_WARN_STRICT_PROTOTYPES = YES;
				CLANG_WARN_SUSPICIOUS_MOVE = YES;
				CLANG_WARN_UNGUARDED_AVAILABILITY = YES_AGGRESSIVE;
				CLANG_WARN_UNREACHABLE_CODE = YES;
				CLANG_WARN__DUPLICATE_METHOD_MATCH = YES;
				CODE_SIGN_IDENTITY = "iPhone Developer";
				COPY_PHASE_STRIP = NO;
				DEBUG_INFORMATION_FORMAT = "dwarf-with-dsym";
				ENABLE_NS_ASSERTIONS = NO;
				ENABLE_STRICT_OBJC_MSGSEND = YES;
				GCC_C_LANGUAGE_STANDARD = gnu11;
				GCC_NO_COMMON_BLOCKS = YES;
				GCC_WARN_64_TO_32_BIT_CONVERSION = YES;
				GCC_WARN_ABOUT_RETURN_TYPE = YES_ERROR;
				GCC_WARN_UNDECLARED_SELECTOR = YES;
				GCC_WARN_UNINITIALIZED_AUTOS = YES_AGGRESSIVE;
				GCC_WARN_UNUSED_FUNCTION = YES;
				GCC_WARN_UNUSED_VARIABLE = YES;
				IPHONEOS_DEPLOYMENT_TARGET = 11.3;
				MTL_ENABLE_DEBUG_INFO = NO;
				SDKROOT = iphoneos;
				SWIFT_COMPILATION_MODE = wholemodule;
				SWIFT_OPTIMIZATION_LEVEL = "-O";
				VALIDATE_PRODUCT = YES;
			};
			name = Release;
		};
		63FBEEAE2091C4C600BE6B81 /* Debug */ = {
			isa = XCBuildConfiguration;
			buildSettings = {
				ASSETCATALOG_COMPILER_APPICON_NAME = AppIcon;
				CODE_SIGN_STYLE = Automatic;
				DEVELOPMENT_TEAM = 5A79UN6C3M;
				INFOPLIST_FILE = tesss/Info.plist;
				LD_RUNPATH_SEARCH_PATHS = (
					"$(inherited)",
					"@executable_path/Frameworks",
				);
				PRODUCT_BUNDLE_IDENTIFIER = penghao.tesss;
				PRODUCT_NAME = "$(TARGET_NAME)";
				SWIFT_VERSION = 4.0;
				TARGETED_DEVICE_FAMILY = "1,2";
			};
			name = Debug;
		};
		63FBEEAF2091C4C600BE6B81 /* Release */ = {
			isa = XCBuildConfiguration;
			buildSettings = {
				ASSETCATALOG_COMPILER_APPICON_NAME = AppIcon;
				CODE_SIGN_STYLE = Automatic;
				DEVELOPMENT_TEAM = 5A79UN6C3M;
				INFOPLIST_FILE = tesss/Info.plist;
				LD_RUNPATH_SEARCH_PATHS = (
					"$(inherited)",
					"@executable_path/Frameworks",
				);
				PRODUCT_BUNDLE_IDENTIFIER = penghao.tesss;
				PRODUCT_NAME = "$(TARGET_NAME)";
				SWIFT_VERSION = 4.0;
				TARGETED_DEVICE_FAMILY = "1,2";
			};
			name = Release;
		};
		63FBEEB12091C4C600BE6B81 /* Debug */ = {
			isa = XCBuildConfiguration;
			buildSettings = {
				ALWAYS_EMBED_SWIFT_STANDARD_LIBRARIES = YES;
				BUNDLE_LOADER = "$(TEST_HOST)";
				CODE_SIGN_STYLE = Automatic;
				DEVELOPMENT_TEAM = 5A79UN6C3M;
				INFOPLIST_FILE = tesssTests/Info.plist;
				LD_RUNPATH_SEARCH_PATHS = (
					"$(inherited)",
					"@executable_path/Frameworks",
					"@loader_path/Frameworks",
				);
				PRODUCT_BUNDLE_IDENTIFIER = penghao.tesssTests;
				PRODUCT_NAME = "$(TARGET_NAME)";
				SWIFT_VERSION = 4.0;
				TARGETED_DEVICE_FAMILY = "1,2";
				TEST_HOST = "$(BUILT_PRODUCTS_DIR)/tesss.app/tesss";
			};
			name = Debug;
		};
		63FBEEB22091C4C600BE6B81 /* Release */ = {
			isa = XCBuildConfiguration;
			buildSettings = {
				ALWAYS_EMBED_SWIFT_STANDARD_LIBRARIES = YES;
				BUNDLE_LOADER = "$(TEST_HOST)";
				CODE_SIGN_STYLE = Automatic;
				DEVELOPMENT_TEAM = 5A79UN6C3M;
				INFOPLIST_FILE = tesssTests/Info.plist;
				LD_RUNPATH_SEARCH_PATHS = (
					"$(inherited)",
					"@executable_path/Frameworks",
					"@loader_path/Frameworks",
				);
				PRODUCT_BUNDLE_IDENTIFIER = penghao.tesssTests;
				PRODUCT_NAME = "$(TARGET_NAME)";
				SWIFT_VERSION = 4.0;
				TARGETED_DEVICE_FAMILY = "1,2";
				TEST_HOST = "$(BUILT_PRODUCTS_DIR)/tesss.app/tesss";
			};
			name = Release;
		};
		63FBEEB42091C4C600BE6B81 /* Debug */ = {
			isa = XCBuildConfiguration;
			buildSettings = {
				ALWAYS_EMBED_SWIFT_STANDARD_LIBRARIES = YES;
				CODE_SIGN_STYLE = Automatic;
				DEVELOPMENT_TEAM = 5A79UN6C3M;
				INFOPLIST_FILE = tesssUITests/Info.plist;
				LD_RUNPATH_SEARCH_PATHS = (
					"$(inherited)",
					"@executable_path/Frameworks",
					"@loader_path/Frameworks",
				);
				PRODUCT_BUNDLE_IDENTIFIER = penghao.tesssUITests;
				PRODUCT_NAME = "$(TARGET_NAME)";
				SWIFT_VERSION = 4.0;
				TARGETED_DEVICE_FAMILY = "1,2";
				TEST_TARGET_NAME = tesss;
			};
			name = Debug;
		};
		63FBEEB52091C4C600BE6B81 /* Release */ = {
			isa = XCBuildConfiguration;
			buildSettings = {
				ALWAYS_EMBED_SWIFT_STANDARD_LIBRARIES = YES;
				CODE_SIGN_STYLE = Automatic;
				DEVELOPMENT_TEAM = 5A79UN6C3M;
				INFOPLIST_FILE = tesssUITests/Info.plist;
				LD_RUNPATH_SEARCH_PATHS = (
					"$(inherited)",
					"@executable_path/Frameworks",
					"@loader_path/Frameworks",
				);
				PRODUCT_BUNDLE_IDENTIFIER = penghao.tesssUITests;
				PRODUCT_NAME = "$(TARGET_NAME)";
				SWIFT_VERSION = 4.0;
				TARGETED_DEVICE_FAMILY = "1,2";
				TEST_TARGET_NAME = tesss;
			};
			name = Release;
		};
/* End XCBuildConfiguration section */

/* Begin XCConfigurationList section */
		63FBEE7D2091C4C300BE6B81 /* Build configuration list for PBXProject "tesss" */ = {
			isa = XCConfigurationList;
			buildConfigurations = (
				63FBEEAB2091C4C600BE6B81 /* Debug */,
				63FBEEAC2091C4C600BE6B81 /* Release */,
			);
			defaultConfigurationIsVisible = 0;
			defaultConfigurationName = Release;
		};
		63FBEEAD2091C4C600BE6B81 /* Build configuration list for PBXNativeTarget "tesss" */ = {
			isa = XCConfigurationList;
			buildConfigurations = (
				63FBEEAE2091C4C600BE6B81 /* Debug */,
				63FBEEAF2091C4C600BE6B81 /* Release */,
			);
			defaultConfigurationIsVisible = 0;
			defaultConfigurationName = Release;
		};
		63FBEEB02091C4C600BE6B81 /* Build configuration list for PBXNativeTarget "tesssTests" */ = {
			isa = XCConfigurationList;
			buildConfigurations = (
				63FBEEB12091C4C600BE6B81 /* Debug */,
				63FBEEB22091C4C600BE6B81 /* Release */,
			);
			defaultConfigurationIsVisible = 0;
			defaultConfigurationName = Release;
		};
		63FBEEB32091C4C600BE6B81 /* Build configuration list for PBXNativeTarget "tesssUITests" */ = {
			isa = XCConfigurationList;
			buildConfigurations = (
				63FBEEB42091C4C600BE6B81 /* Debug */,
				63FBEEB52091C4C600BE6B81 /* Release */,
			);
			defaultConfigurationIsVisible = 0;
			defaultConfigurationName = Release;
		};
/* End XCConfigurationList section */

/* Begin XCVersionGroup section */
		63FBEE8C2091C4C400BE6B81 /* tesss.xcdatamodeld */ = {
			isa = XCVersionGroup;
			children = (
				63FBEE8D2091C4C400BE6B81 /* tesss.xcdatamodel */,
			);
			currentVersion = 63FBEE8D2091C4C400BE6B81 /* tesss.xcdatamodel */;
			path = tesss.xcdatamodeld;
			sourceTree = "<group>";
			versionGroupType = wrapper.xcdatamodel;
		};
/* End XCVersionGroup section */
	};
	rootObject = 63FBEE7A2091C4C300BE6B81 /* Project object */;
}
